
Microsoft Visual Studio Solution File, Format Version 12.00
# Visual Studio Version 17
VisualStudioVersion = 17.3.32929.385
MinimumVisualStudioVersion = 10.0.40219.1
Project("{FAE04EC0-301F-11D3-BF4B-00C04F79EFBC}") = "LojaOnlineVip", "LojaOnlineVip\LojaOnlineVip.csproj", "{570C77C1-6CB2-4271-91D0-0A82928CC347}"
EndProject
Global
	GlobalSection(SolutionConfigurationPlatforms) = preSolution
		Debug|Any CPU = Debug|Any CPU
		Release|Any CPU = Release|Any CPU
	EndGlobalSection
	GlobalSection(ProjectConfigurationPlatforms) = postSolution
		{570C77C1-6CB2-4271-91D0-0A82928CC347}.Debug|Any CPU.ActiveCfg = Debug|Any CPU
		{570C77C1-6CB2-4271-91D0-0A82928CC347}.Debug|Any CPU.Build.0 = Debug|Any CPU
		{570C77C1-6CB2-4271-91D0-0A82928CC347}.Release|Any CPU.ActiveCfg = Release|Any CPU
		{570C77C1-6CB2-4271-91D0-0A82928CC347}.Release|Any CPU.Build.0 = Release|Any CPU
	EndGlobalSection
	GlobalSection(SolutionProperties) = preSolution
		HideSolutionNode = FALSE
	EndGlobalSection
	GlobalSection(ExtensibilityGlobals) = postSolution
		SolutionGuid = {B7B93A36-DDBC-42A7-B3F6-18000DB57CCA}
	EndGlobalSection
EndGlobal
